<?xml version="1.0" encoding="utf-8"?>
<Project ToolsVersion="4.0" xmlns="http://schemas.microsoft.com/developer/msbuild/2003">
  <ItemGroup>
    <Filter Include="Source Files">
      <UniqueIdentifier>{4FC737F1-C7A5-4376-A066-2A32D752A2FF}</UniqueIdentifier>
      <Extensions>cpp;c;cc;cxx;c++;cppm;ixx;def;odl;idl;hpj;bat;asm;asmx</Extensions>
    </Filter>
    <Filter Include="Resource Files">
      <UniqueIdentifier>{67DA6AB6-F800-4c08-8B7A-83BB121AAD01}</UniqueIdentifier>
      <Extensions>rc;ico;cur;bmp;dlg;rc2;rct;bin;rgs;gif;jpg;jpeg;jpe;resx;tiff;tif;png;wav;mfcribbon-ms</Extensions>
    </Filter>
    <Filter Include="Header Files">
      <UniqueIdentifier>{4e3b5a5b-19d5-4096-8472-bd6c66822069}</UniqueIdentifier>
    </Filter>
    <Filter Include="Header Files\Core">
      <UniqueIdentifier>{37dd28a5-a135-4b0b-ba0e-b885cf91a1a2}</UniqueIdentifier>
    </Filter>
    <Filter Include="Source Files\Core">
      <UniqueIdentifier>{88e275dc-ba5c-43c2-a9af-a4746dab2c74}</UniqueIdentifier>
    </Filter>
    <Filter Include="Header Files\Helpers">
      <UniqueIdentifier>{4c1f5264-2d3d-4b51-b44a-aa15f267beb1}</UniqueIdentifier>
    </Filter>
    <Filter Include="Source Files\Helpers">
      <UniqueIdentifier>{3af02bcc-bd4e-46a9-a04b-643443baaadf}</UniqueIdentifier>
    </Filter>
    <Filter Include="Header Files\User">
      <UniqueIdentifier>{7d6d9354-760a-4bca-9a48-400e3dfb56a3}</UniqueIdentifier>
    </Filter>
    <Filter Include="Source Files\User">
      <UniqueIdentifier>{e6cf4c0b-b74a-42ee-b72a-f5074fa38254}</UniqueIdentifier>
    </Filter>
    <Filter Include="Header Files\System">
      <UniqueIdentifier>{0bd31011-38c9-4b5d-b485-2327c3b70e89}</UniqueIdentifier>
    </Filter>
    <Filter Include="Source Files\System">
      <UniqueIdentifier>{67509d17-a39e-46db-bf7d-9e48ba38182a}</UniqueIdentifier>
    </Filter>
  </ItemGroup>
  <ItemGroup>
    <ClInclude Include="Core\header\ActionMovie.h">
      <Filter>Header Files\Core</Filter>
    </ClInclude>
    <ClInclude Include="Core\header\DocumentaryMovie.h">
      <Filter>Header Files\Core</Filter>
    </ClInclude>
    <ClInclude Include="Core\header\DramaMovie.h">
      <Filter>Header Files\Core</Filter>
    </ClInclude>
    <ClInclude Include="Core\header\Hall.h">
      <Filter>Header Files\Core</Filter>
    </ClInclude>
    <ClInclude Include="Core\header\Ticket.h">
      <Filter>Header Files\Core</Filter>
    </ClInclude>
    <ClInclude Include="Helpers\header\Date.h">
      <Filter>Header Files\Helpers</Filter>
    </ClInclude>
    <ClInclude Include="Helpers\header\MyString.h">
      <Filter>Header Files\Helpers</Filter>
    </ClInclude>
    <ClInclude Include="Helpers\header\MyVector.hpp">
      <Filter>Header Files\Helpers</Filter>
    </ClInclude>
    <ClInclude Include="Helpers\header\Time.h">
      <Filter>Header Files\Helpers</Filter>
    </ClInclude>
    <ClInclude Include="Helpers\header\Utilities.h">
      <Filter>Header Files\Helpers</Filter>
    </ClInclude>
    <ClInclude Include="User\header\Catalogue.h">
      <Filter>Header Files\User</Filter>
    </ClInclude>
    <ClInclude Include="User\header\User.h">
      <Filter>Header Files\User</Filter>
    </ClInclude>
    <ClInclude Include="Core\header\Movie.h">
      <Filter>Header Files\Core</Filter>
    </ClInclude>
    <ClInclude Include="User\header\Admin.h">
      <Filter>Header Files\User</Filter>
    </ClInclude>
    <ClInclude Include="User\header\RegularUser.h">
      <Filter>Header Files\User</Filter>
    </ClInclude>
    <ClInclude Include="Helpers\header\TimeInterval.h">
      <Filter>Header Files\Helpers</Filter>
    </ClInclude>
    <ClInclude Include="System\header\System.h">
      <Filter>Header Files\System</Filter>
    </ClInclude>
    <ClInclude Include="Helpers\header\PolymorphicPtr.hpp">
      <Filter>Header Files\Helpers</Filter>
    </ClInclude>
  </ItemGroup>
  <ItemGroup>
    <ClCompile Include="Core\source\ActionMovie.cpp">
      <Filter>Source Files\Core</Filter>
    </ClCompile>
    <ClCompile Include="Core\source\DocumentaryMovie.cpp">
      <Filter>Source Files\Core</Filter>
    </ClCompile>
    <ClCompile Include="Core\source\DramaMovie.cpp">
      <Filter>Source Files\Core</Filter>
    </ClCompile>
    <ClCompile Include="Core\source\Hall.cpp">
      <Filter>Source Files\Core</Filter>
    </ClCompile>
    <ClCompile Include="Core\source\Movie.cpp">
      <Filter>Source Files\Core</Filter>
    </ClCompile>
    <ClCompile Include="Core\source\Ticket.cpp">
      <Filter>Source Files\Core</Filter>
    </ClCompile>
    <ClCompile Include="Helpers\source\Date.cpp">
      <Filter>Source Files\Helpers</Filter>
    </ClCompile>
    <ClCompile Include="Helpers\source\MyString.cpp">
      <Filter>Source Files\Helpers</Filter>
    </ClCompile>
    <ClCompile Include="Helpers\source\Time.cpp">
      <Filter>Source Files\Helpers</Filter>
    </ClCompile>
    <ClCompile Include="Helpers\source\Utilities.cpp">
      <Filter>Source Files\Helpers</Filter>
    </ClCompile>
    <ClCompile Include="User\source\Catalogue.cpp">
      <Filter>Source Files\User</Filter>
    </ClCompile>
    <ClCompile Include="User\source\User.cpp">
      <Filter>Source Files\User</Filter>
    </ClCompile>
    <ClCompile Include="Main.cpp">
      <Filter>Source Files</Filter>
    </ClCompile>
    <ClCompile Include="User\source\Admin.cpp">
      <Filter>Source Files\User</Filter>
    </ClCompile>
    <ClCompile Include="User\source\RegularUser.cpp">
      <Filter>Source Files\User</Filter>
    </ClCompile>
    <ClCompile Include="Helpers\source\TimeInterval.cpp">
      <Filter>Source Files\Helpers</Filter>
    </ClCompile>
    <ClCompile Include="System\source\System.cpp">
      <Filter>Source Files\System</Filter>
    </ClCompile>
  </ItemGroup>
</Project>